// !$*UTF8*$!
{
	archiveVersion = 1;
	classes = {
	};
	objectVersion = 56;
	objects = {

/* Begin PBXBuildFile section */
		9F897B9C2BD5D46E00124366 /* movie_noise.mp3 in Resources */ = {isa = PBXBuildFile; fileRef = 9F897B9A2BD5D46E00124366 /* movie_noise.mp3 */; };
		9F90120B2BD261B100E0E921 /* CSS545HW2App.swift in Sources */ = {isa = PBXBuildFile; fileRef = 9F90120A2BD261B100E0E921 /* CSS545HW2App.swift */; };
		9F90120D2BD261B100E0E921 /* ContentView.swift in Sources */ = {isa = PBXBuildFile; fileRef = 9F90120C2BD261B100E0E921 /* ContentView.swift */; };
		9F90120F2BD261B200E0E921 /* Assets.xcassets in Resources */ = {isa = PBXBuildFile; fileRef = 9F90120E2BD261B200E0E921 /* Assets.xcassets */; };
		9F9012122BD261B200E0E921 /* Preview Assets.xcassets in Resources */ = {isa = PBXBuildFile; fileRef = 9F9012112BD261B200E0E921 /* Preview Assets.xcassets */; };
		9F90121C2BD261B200E0E921 /* CSS545HW2Tests.swift in Sources */ = {isa = PBXBuildFile; fileRef = 9F90121B2BD261B200E0E921 /* CSS545HW2Tests.swift */; };
		9F9012262BD261B200E0E921 /* CSS545HW2UITests.swift in Sources */ = {isa = PBXBuildFile; fileRef = 9F9012252BD261B200E0E921 /* CSS545HW2UITests.swift */; };
		9F9012282BD261B200E0E921 /* CSS545HW2UITestsLaunchTests.swift in Sources */ = {isa = PBXBuildFile; fileRef = 9F9012272BD261B200E0E921 /* CSS545HW2UITestsLaunchTests.swift */; };
/* End PBXBuildFile section */

/* Begin PBXContainerItemProxy section */
		9F9012182BD261B200E0E921 /* PBXContainerItemProxy */ = {
			isa = PBXContainerItemProxy;
			containerPortal = 9F9011FF2BD261B100E0E921 /* Project object */;
			proxyType = 1;
			remoteGlobalIDString = 9F9012062BD261B100E0E921;
			remoteInfo = CSS545HW2;
		};
		9F9012222BD261B200E0E921 /* PBXContainerItemProxy */ = {
			isa = PBXContainerItemProxy;
			containerPortal = 9F9011FF2BD261B100E0E921 /* Project object */;
			proxyType = 1;
			remoteGlobalIDString = 9F9012062BD261B100E0E921;
			remoteInfo = CSS545HW2;
		};
/* End PBXContainerItemProxy section */

/* Begin PBXFileReference section */
		9F897B9A2BD5D46E00124366 /* movie_noise.mp3 */ = {isa = PBXFileReference; lastKnownFileType = audio.mp3; path = movie_noise.mp3; sourceTree = "<group>"; };
		9F9012072BD261B100E0E921 /* CSS545HW2.app */ = {isa = PBXFileReference; explicitFileType = wrapper.application; includeInIndex = 0; path = CSS545HW2.app; sourceTree = BUILT_PRODUCTS_DIR; };
		9F90120A2BD261B100E0E921 /* CSS545HW2App.swift */ = {isa = PBXFileReference; lastKnownFileType = sourcecode.swift; path = CSS545HW2App.swift; sourceTree = "<group>"; };
		9F90120C2BD261B100E0E921 /* ContentView.swift */ = {isa = PBXFileReference; lastKnownFileType = sourcecode.swift; path = ContentView.swift; sourceTree = "<group>"; };
		9F90120E2BD261B200E0E921 /* Assets.xcassets */ = {isa = PBXFileReference; lastKnownFileType = folder.assetcatalog; path = Assets.xcassets; sourceTree = "<group>"; };
		9F9012112BD261B200E0E921 /* Preview Assets.xcassets */ = {isa = PBXFileReference; lastKnownFileType = folder.assetcatalog; path = "Preview Assets.xcassets"; sourceTree = "<group>"; };
		9F9012172BD261B200E0E921 /* CSS545HW2Tests.xctest */ = {isa = PBXFileReference; explicitFileType = wrapper.cfbundle; includeInIndex = 0; path = CSS545HW2Tests.xctest; sourceTree = BUILT_PRODUCTS_DIR; };
		9F90121B2BD261B200E0E921 /* CSS545HW2Tests.swift */ = {isa = PBXFileReference; lastKnownFileType = sourcecode.swift; path = CSS545HW2Tests.swift; sourceTree = "<group>"; };
		9F9012212BD261B200E0E921 /* CSS545HW2UITests.xctest */ = {isa = PBXFileReference; explicitFileType = wrapper.cfbundle; includeInIndex = 0; path = CSS545HW2UITests.xctest; sourceTree = BUILT_PRODUCTS_DIR; };
		9F9012252BD261B200E0E921 /* CSS545HW2UITests.swift */ = {isa = PBXFileReference; lastKnownFileType = sourcecode.swift; path = CSS545HW2UITests.swift; sourceTree = "<group>"; };
		9F9012272BD261B200E0E921 /* CSS545HW2UITestsLaunchTests.swift */ = {isa = PBXFileReference; lastKnownFileType = sourcecode.swift; path = CSS545HW2UITestsLaunchTests.swift; sourceTree = "<group>"; };
/* End PBXFileReference section */

/* Begin PBXFrameworksBuildPhase section */
		9F9012042BD261B100E0E921 /* Frameworks */ = {
			isa = PBXFrameworksBuildPhase;
			buildActionMask = 2147483647;
			files = (
			);
			runOnlyForDeploymentPostprocessing = 0;
		};
		9F9012142BD261B200E0E921 /* Frameworks */ = {
			isa = PBXFrameworksBuildPhase;
			buildActionMask = 2147483647;
			files = (
			);
			runOnlyForDeploymentPostprocessing = 0;
		};
		9F90121E2BD261B200E0E921 /* Frameworks */ = {
			isa = PBXFrameworksBuildPhase;
			buildActionMask = 2147483647;
			files = (
			);
			runOnlyForDeploymentPostprocessing = 0;
		};
/* End PBXFrameworksBuildPhase section */

/* Begin PBXGroup section */
		9F9011FE2BD261B100E0E921 = {
			isa = PBXGroup;
			children = (
				9F9012092BD261B100E0E921 /* CSS545HW2 */,
				9F90121A2BD261B200E0E921 /* CSS545HW2Tests */,
				9F9012242BD261B200E0E921 /* CSS545HW2UITests */,
				9F9012082BD261B100E0E921 /* Products */,
			);
			sourceTree = "<group>";
		};
		9F9012082BD261B100E0E921 /* Products */ = {
			isa = PBXGroup;
			children = (
				9F9012072BD261B100E0E921 /* CSS545HW2.app */,
				9F9012172BD261B200E0E921 /* CSS545HW2Tests.xctest */,
				9F9012212BD261B200E0E921 /* CSS545HW2UITests.xctest */,
			);
			name = Products;
			sourceTree = "<group>";
		};
		9F9012092BD261B100E0E921 /* CSS545HW2 */ = {
			isa = PBXGroup;
			children = (
				9F897B9A2BD5D46E00124366 /* movie_noise.mp3 */,
				9F90120A2BD261B100E0E921 /* CSS545HW2App.swift */,
				9F90120C2BD261B100E0E921 /* ContentView.swift */,
				9F90120E2BD261B200E0E921 /* Assets.xcassets */,
				9F9012102BD261B200E0E921 /* Preview Content */,
			);
			path = CSS545HW2;
			sourceTree = "<group>";
		};
		9F9012102BD261B200E0E921 /* Preview Content */ = {
			isa = PBXGroup;
			children = (
				9F9012112BD261B200E0E921 /* Preview Assets.xcassets */,
			);
			path = "Preview Content";
			sourceTree = "<group>";
		};
		9F90121A2BD261B200E0E921 /* CSS545HW2Tests */ = {
			isa = PBXGroup;
			children = (
				9F90121B2BD261B200E0E921 /* CSS545HW2Tests.swift */,
			);
			path = CSS545HW2Tests;
			sourceTree = "<group>";
		};
		9F9012242BD261B200E0E921 /* CSS545HW2UITests */ = {
			isa = PBXGroup;
			children = (
				9F9012252BD261B200E0E921 /* CSS545HW2UITests.swift */,
				9F9012272BD261B200E0E921 /* CSS545HW2UITestsLaunchTests.swift */,
			);
			path = CSS545HW2UITests;
			sourceTree = "<group>";
		};
/* End PBXGroup section */

/* Begin PBXNativeTarget section */
		9F9012062BD261B100E0E921 /* CSS545HW2 */ = {
			isa = PBXNativeTarget;
			buildConfigurationList = 9F90122B2BD261B200E0E921 /* Build configuration list for PBXNativeTarget "CSS545HW2" */;
			buildPhases = (
				9F9012032BD261B100E0E921 /* Sources */,
				9F9012042BD261B100E0E921 /* Frameworks */,
				9F9012052BD261B100E0E921 /* Resources */,
			);
			buildRules = (
			);
			dependencies = (
			);
			name = CSS545HW2;
			productName = CSS545HW2;
			productReference = 9F9012072BD261B100E0E921 /* CSS545HW2.app */;
			productType = "com.apple.product-type.application";
		};
		9F9012162BD261B200E0E921 /* CSS545HW2Tests */ = {
			isa = PBXNativeTarget;
			buildConfigurationList = 9F90122E2BD261B200E0E921 /* Build configuration list for PBXNativeTarget "CSS545HW2Tests" */;
			buildPhases = (
				9F9012132BD261B200E0E921 /* Sources */,
				9F9012142BD261B200E0E921 /* Frameworks */,
				9F9012152BD261B200E0E921 /* Resources */,
			);
			buildRules = (
			);
			dependencies = (
				9F9012192BD261B200E0E921 /* PBXTargetDependency */,
			);
			name = CSS545HW2Tests;
			productName = CSS545HW2Tests;
			productReference = 9F9012172BD261B200E0E921 /* CSS545HW2Tests.xctest */;
			productType = "com.apple.product-type.bundle.unit-test";
		};
		9F9012202BD261B200E0E921 /* CSS545HW2UITests */ = {
			isa = PBXNativeTarget;
			buildConfigurationList = 9F9012312BD261B200E0E921 /* Build configuration list for PBXNativeTarget "CSS545HW2UITests" */;
			buildPhases = (
				9F90121D2BD261B200E0E921 /* Sources */,
				9F90121E2BD261B200E0E921 /* Frameworks */,
				9F90121F2BD261B200E0E921 /* Resources */,
			);
			buildRules = (
			);
			dependencies = (
				9F9012232BD261B200E0E921 /* PBXTargetDependency */,
			);
			name = CSS545HW2UITests;
			productName = CSS545HW2UITests;
			productReference = 9F9012212BD261B200E0E921 /* CSS545HW2UITests.xctest */;
			productType = "com.apple.product-type.bundle.ui-testing";
		};
/* End PBXNativeTarget section */

/* Begin PBXProject section */
		9F9011FF2BD261B100E0E921 /* Project object */ = {
			isa = PBXProject;
			attributes = {
				BuildIndependentTargetsInParallel = 1;
				LastSwiftUpdateCheck = 1530;
				LastUpgradeCheck = 1530;
				TargetAttributes = {
					9F9012062BD261B100E0E921 = {
						CreatedOnToolsVersion = 15.3;
					};
					9F9012162BD261B200E0E921 = {
						CreatedOnToolsVersion = 15.3;
						TestTargetID = 9F9012062BD261B100E0E921;
					};
					9F9012202BD261B200E0E921 = {
						CreatedOnToolsVersion = 15.3;
						TestTargetID = 9F9012062BD261B100E0E921;
					};
				};
			};
			buildConfigurationList = 9F9012022BD261B100E0E921 /* Build configuration list for PBXProject "CSS545HW2" */;
			compatibilityVersion = "Xcode 14.0";
			developmentRegion = en;
			hasScannedForEncodings = 0;
			knownRegions = (
				en,
				Base,
			);
			mainGroup = 9F9011FE2BD261B100E0E921;
			productRefGroup = 9F9012082BD261B100E0E921 /* Products */;
			projectDirPath = "";
			projectRoot = "";
			targets = (
				9F9012062BD261B100E0E921 /* CSS545HW2 */,
				9F9012162BD261B200E0E921 /* CSS545HW2Tests */,
				9F9012202BD261B200E0E921 /* CSS545HW2UITests */,
			);
		};
/* End PBXProject section */

/* Begin PBXResourcesBuildPhase section */
		9F9012052BD261B100E0E921 /* Resources */ = {
			isa = PBXResourcesBuildPhase;
			buildActionMask = 2147483647;
			files = (
				9F897B9C2BD5D46E00124366 /* movie_noise.mp3 in Resources */,
				9F9012122BD261B200E0E921 /* Preview Assets.xcassets in Resources */,
				9F90120F2BD261B200E0E921 /* Assets.xcassets in Resources */,
			);
			runOnlyForDeploymentPostprocessing = 0;
		};
		9F9012152BD261B200E0E921 /* Resources */ = {
			isa = PBXResourcesBuildPhase;
			buildActionMask = 2147483647;
			files = (
			);
			runOnlyForDeploymentPostprocessing = 0;
		};
		9F90121F2BD261B200E0E921 /* Resources */ = {
			isa = PBXResourcesBuildPhase;
			buildActionMask = 2147483647;
			files = (
			);
			runOnlyForDeploymentPostprocessing = 0;
		};
/* End PBXResourcesBuildPhase section */

/* Begin PBXSourcesBuildPhase section */
		9F9012032BD261B100E0E921 /* Sources */ = {
			isa = PBXSourcesBuildPhase;
			buildActionMask = 2147483647;
			files = (
				9F90120D2BD261B100E0E921 /* ContentView.swift in Sources */,
				9F90120B2BD261B100E0E921 /* CSS545HW2App.swift in Sources */,
			);
			runOnlyForDeploymentPostprocessing = 0;
		};
		9F9012132BD261B200E0E921 /* Sources */ = {
			isa = PBXSourcesBuildPhase;
			buildActionMask = 2147483647;
			files = (
				9F90121C2BD261B200E0E921 /* CSS545HW2Tests.swift in Sources */,
			);
			runOnlyForDeploymentPostprocessing = 0;
		};
		9F90121D2BD261B200E0E921 /* Sources */ = {
			isa = PBXSourcesBuildPhase;
			buildActionMask = 2147483647;
			files = (
				9F9012262BD261B200E0E921 /* CSS545HW2UITests.swift in Sources */,
				9F9012282BD261B200E0E921 /* CSS545HW2UITestsLaunchTests.swift in Sources */,
			);
			runOnlyForDeploymentPostprocessing = 0;
		};
/* End PBXSourcesBuildPhase section */

/* Begin PBXTargetDependency section */
		9F9012192BD261B200E0E921 /* PBXTargetDependency */ = {
			isa = PBXTargetDependency;
			target = 9F9012062BD261B100E0E921 /* CSS545HW2 */;
			targetProxy = 9F9012182BD261B200E0E921 /* PBXContainerItemProxy */;
		};
		9F9012232BD261B200E0E921 /* PBXTargetDependency */ = {
			isa = PBXTargetDependency;
			target = 9F9012062BD261B100E0E921 /* CSS545HW2 */;
			targetProxy = 9F9012222BD261B200E0E921 /* PBXContainerItemProxy */;
		};
/* End PBXTargetDependency section */

/* Begin XCBuildConfiguration section */
		9F9012292BD261B200E0E921 /* Debug */ = {
			isa = XCBuildConfiguration;
			buildSettings = {
				ALWAYS_SEARCH_USER_PATHS = NO;
				ASSETCATALOG_COMPILER_GENERATE_SWIFT_ASSET_SYMBOL_EXTENSIONS = YES;
				CLANG_ANALYZER_NONNULL = YES;
				CLANG_ANALYZER_NUMBER_OBJECT_CONVERSION = YES_AGGRESSIVE;
				CLANG_CXX_LANGUAGE_STANDARD = "gnu++20";
				CLANG_ENABLE_MODULES = YES;
				CLANG_ENABLE_OBJC_ARC = YES;
				CLANG_ENABLE_OBJC_WEAK = YES;
				CLANG_WARN_BLOCK_CAPTURE_AUTORELEASING = YES;
				CLANG_WARN_BOOL_CONVERSION = YES;
				CLANG_WARN_COMMA = YES;
				CLANG_WARN_CONSTANT_CONVERSION = YES;
				CLANG_WARN_DEPRECATED_OBJC_IMPLEMENTATIONS = YES;
				CLANG_WARN_DIRECT_OBJC_ISA_USAGE = YES_ERROR;
				CLANG_WARN_DOCUMENTATION_COMMENTS = YES;
				CLANG_WARN_EMPTY_BODY = YES;
				CLANG_WARN_ENUM_CONVERSION = YES;
				CLANG_WARN_INFINITE_RECURSION = YES;
				CLANG_WARN_INT_CONVERSION = YES;
				CLANG_WARN_NON_LITERAL_NULL_CONVERSION = YES;
				CLANG_WARN_OBJC_IMPLICIT_RETAIN_SELF = YES;
				CLANG_WARN_OBJC_LITERAL_CONVERSION = YES;
				CLANG_WARN_OBJC_ROOT_CLASS = YES_ERROR;
				CLANG_WARN_QUOTED_INCLUDE_IN_FRAMEWORK_HEADER = YES;
				CLANG_WARN_RANGE_LOOP_ANALYSIS = YES;
				CLANG_WARN_STRICT_PROTOTYPES = YES;
				CLANG_WARN_SUSPICIOUS_MOVE = YES;
				CLANG_WARN_UNGUARDED_AVAILABILITY = YES_AGGRESSIVE;
				CLANG_WARN_UNREACHABLE_CODE = YES;
				CLANG_WARN__DUPLICATE_METHOD_MATCH = YES;
				COPY_PHASE_STRIP = NO;
				DEBUG_INFORMATION_FORMAT = dwarf;
				ENABLE_STRICT_OBJC_MSGSEND = YES;
				ENABLE_TESTABILITY = YES;
				ENABLE_USER_SCRIPT_SANDBOXING = YES;
				GCC_C_LANGUAGE_STANDARD = gnu17;
				GCC_DYNAMIC_NO_PIC = NO;
				GCC_NO_COMMON_BLOCKS = YES;
				GCC_OPTIMIZATION_LEVEL = 0;
				GCC_PREPROCESSOR_DEFINITIONS = (
					"DEBUG=1",
					"$(inherited)",
				);
				GCC_WARN_64_TO_32_BIT_CONVERSION = YES;
				GCC_WARN_ABOUT_RETURN_TYPE = YES_ERROR;
				GCC_WARN_UNDECLARED_SELECTOR = YES;
				GCC_WARN_UNINITIALIZED_AUTOS = YES_AGGRESSIVE;
				GCC_WARN_UNUSED_FUNCTION = YES;
				GCC_WARN_UNUSED_VARIABLE = YES;
				IPHONEOS_DEPLOYMENT_TARGET = 17.4;
				LOCALIZATION_PREFERS_STRING_CATALOGS = YES;
				MTL_ENABLE_DEBUG_INFO = INCLUDE_SOURCE;
				MTL_FAST_MATH = YES;
				ONLY_ACTIVE_ARCH = YES;
				SDKROOT = iphoneos;
				SWIFT_ACTIVE_COMPILATION_CONDITIONS = "DEBUG $(inherited)";
				SWIFT_OPTIMIZATION_LEVEL = "-Onone";
			};
			name = Debug;
		};
		9F90122A2BD261B200E0E921 /* Release */ = {
			isa = XCBuildConfiguration;
			buildSettings = {
				ALWAYS_SEARCH_USER_PATHS = NO;
				ASSETCATALOG_COMPILER_GENERATE_SWIFT_ASSET_SYMBOL_EXTENSIONS = YES;
				CLANG_ANALYZER_NONNULL = YES;
				CLANG_ANALYZER_NUMBER_OBJECT_CONVERSION = YES_AGGRESSIVE;
				CLANG_CXX_LANGUAGE_STANDARD = "gnu++20";
				CLANG_ENABLE_MODULES = YES;
				CLANG_ENABLE_OBJC_ARC = YES;
				CLANG_ENABLE_OBJC_WEAK = YES;
				CLANG_WARN_BLOCK_CAPTURE_AUTORELEASING = YES;
				CLANG_WARN_BOOL_CONVERSION = YES;
				CLANG_WARN_COMMA = YES;
				CLANG_WARN_CONSTANT_CONVERSION = YES;
				CLANG_WARN_DEPRECATED_OBJC_IMPLEMENTATIONS = YES;
				CLANG_WARN_DIRECT_OBJC_ISA_USAGE = YES_ERROR;
				CLANG_WARN_DOCUMENTATION_COMMENTS = YES;
				CLANG_WARN_EMPTY_BODY = YES;
				CLANG_WARN_ENUM_CONVERSION = YES;
				CLANG_WARN_INFINITE_RECURSION = YES;
				CLANG_WARN_INT_CONVERSION = YES;
				CLANG_WARN_NON_LITERAL_NULL_CONVERSION = YES;
				CLANG_WARN_OBJC_IMPLICIT_RETAIN_SELF = YES;
				CLANG_WARN_OBJC_LITERAL_CONVERSION = YES;
				CLANG_WARN_OBJC_ROOT_CLASS = YES_ERROR;
				CLANG_WARN_QUOTED_INCLUDE_IN_FRAMEWORK_HEADER = YES;
				CLANG_WARN_RANGE_LOOP_ANALYSIS = YES;
				CLANG_WARN_STRICT_PROTOTYPES = YES;
				CLANG_WARN_SUSPICIOUS_MOVE = YES;
				CLANG_WARN_UNGUARDED_AVAILABILITY = YES_AGGRESSIVE;
				CLANG_WARN_UNREACHABLE_CODE = YES;
				CLANG_WARN__DUPLICATE_METHOD_MATCH = YES;
				COPY_PHASE_STRIP = NO;
				DEBUG_INFORMATION_FORMAT = "dwarf-with-dsym";
				ENABLE_NS_ASSERTIONS = NO;
				ENABLE_STRICT_OBJC_MSGSEND = YES;
				ENABLE_USER_SCRIPT_SANDBOXING = YES;
				GCC_C_LANGUAGE_STANDARD = gnu17;
				GCC_NO_COMMON_BLOCKS = YES;
				GCC_WARN_64_TO_32_BIT_CONVERSION = YES;
				GCC_WARN_ABOUT_RETURN_TYPE = YES_ERROR;
				GCC_WARN_UNDECLARED_SELECTOR = YES;
				GCC_WARN_UNINITIALIZED_AUTOS = YES_AGGRESSIVE;
				GCC_WARN_UNUSED_FUNCTION = YES;
				GCC_WARN_UNUSED_VARIABLE = YES;
				IPHONEOS_DEPLOYMENT_TARGET = 17.4;
				LOCALIZATION_PREFERS_STRING_CATALOGS = YES;
				MTL_ENABLE_DEBUG_INFO = NO;
				MTL_FAST_MATH = YES;
				SDKROOT = iphoneos;
				SWIFT_COMPILATION_MODE = wholemodule;
				VALIDATE_PRODUCT = YES;
			};
			name = Release;
		};
		9F90122C2BD261B200E0E921 /* Debug */ = {
			isa = XCBuildConfiguration;
			buildSettings = {
				ASSETCATALOG_COMPILER_APPICON_NAME = AppIcon;
				ASSETCATALOG_COMPILER_GLOBAL_ACCENT_COLOR_NAME = AccentColor;
				CODE_SIGN_STYLE = Automatic;
				CURRENT_PROJECT_VERSION = 1;
				DEVELOPMENT_ASSET_PATHS = "\"CSS545HW2/Preview Content\"";
				ENABLE_PREVIEWS = YES;
				GENERATE_INFOPLIST_FILE = YES;
				INFOPLIST_KEY_UIApplicationSceneManifest_Generation = YES;
				INFOPLIST_KEY_UIApplicationSupportsIndirectInputEvents = YES;
				INFOPLIST_KEY_UILaunchScreen_Generation = YES;
				INFOPLIST_KEY_UIStatusBarStyle = "";
				INFOPLIST_KEY_UISupportedInterfaceOrientations_iPad = "UIInterfaceOrientationPortrait UIInterfaceOrientationPortraitUpsideDown UIInterfaceOrientationLandscapeLeft UIInterfaceOrientationLandscapeRight";
				INFOPLIST_KEY_UISupportedInterfaceOrientations_iPhone = "UIInterfaceOrientationPortrait UIInterfaceOrientationLandscapeLeft UIInterfaceOrientationLandscapeRight";
				LD_RUNPATH_SEARCH_PATHS = (
					"$(inherited)",
					"@executable_path/Frameworks",
				);
				MARKETING_VERSION = 1.0;
				PRODUCT_BUNDLE_IDENTIFIER = MariRosenwald.CSS545HW2;
				PRODUCT_NAME = "$(TARGET_NAME)";
				SWIFT_EMIT_LOC_STRINGS = YES;
				SWIFT_VERSION = 5.0;
				TARGETED_DEVICE_FAMILY = "1,2";
			};
			name = Debug;
		};
		9F90122D2BD261B200E0E921 /* Release */ = {
			isa = XCBuildConfiguration;
			buildSettings = {
				ASSETCATALOG_COMPILER_APPICON_NAME = AppIcon;
				ASSETCATALOG_COMPILER_GLOBAL_ACCENT_COLOR_NAME = AccentColor;
				CODE_SIGN_STYLE = Automatic;
				CURRENT_PROJECT_VERSION = 1;
				DEVELOPMENT_ASSET_PATHS = "\"CSS545HW2/Preview Content\"";
				ENABLE_PREVIEWS = YES;
				GENERATE_INFOPLIST_FILE = YES;
				INFOPLIST_KEY_UIApplicationSceneManifest_Generation = YES;
				INFOPLIST_KEY_UIApplicationSupportsIndirectInputEvents = YES;
				INFOPLIST_KEY_UILaunchScreen_Generation = YES;
				INFOPLIST_KEY_UIStatusBarStyle = "";
				INFOPLIST_KEY_UISupportedInterfaceOrientations_iPad = "UIInterfaceOrientationPortrait UIInterfaceOrientationPortraitUpsideDown UIInterfaceOrientationLandscapeLeft UIInterfaceOrientationLandscapeRight";
				INFOPLIST_KEY_UISupportedInterfaceOrientations_iPhone = "UIInterfaceOrientationPortrait UIInterfaceOrientationLandscapeLeft UIInterfaceOrientationLandscapeRight";
				LD_RUNPATH_SEARCH_PATHS = (
					"$(inherited)",
					"@executable_path/Frameworks",
				);
				MARKETING_VERSION = 1.0;
				PRODUCT_BUNDLE_IDENTIFIER = MariRosenwald.CSS545HW2;
				PRODUCT_NAME = "$(TARGET_NAME)";
				SWIFT_EMIT_LOC_STRINGS = YES;
				SWIFT_VERSION = 5.0;
				TARGETED_DEVICE_FAMILY = "1,2";
			};
			name = Release;
		};
		9F90122F2BD261B200E0E921 /* Debug */ = {
			isa = XCBuildConfiguration;
			buildSettings = {
				ALWAYS_EMBED_SWIFT_STANDARD_LIBRARIES = YES;
				BUNDLE_LOADER = "$(TEST_HOST)";
				CODE_SIGN_STYLE = Automatic;
				CURRENT_PROJECT_VERSION = 1;
				GENERATE_INFOPLIST_FILE = YES;
				IPHONEOS_DEPLOYMENT_TARGET = 17.4;
				MARKETING_VERSION = 1.0;
				PRODUCT_BUNDLE_IDENTIFIER = MariRosenwald.CSS545HW2Tests;
				PRODUCT_NAME = "$(TARGET_NAME)";
				SWIFT_EMIT_LOC_STRINGS = NO;
				SWIFT_VERSION = 5.0;
				TARGETED_DEVICE_FAMILY = "1,2";
				TEST_HOST = "$(BUILT_PRODUCTS_DIR)/CSS545HW2.app/$(BUNDLE_EXECUTABLE_FOLDER_PATH)/CSS545HW2";
			};
			name = Debug;
		};
		9F9012302BD261B200E0E921 /* Release */ = {
			isa = XCBuildConfiguration;
			buildSettings = {
				ALWAYS_EMBED_SWIFT_STANDARD_LIBRARIES = YES;
				BUNDLE_LOADER = "$(TEST_HOST)";
				CODE_SIGN_STYLE = Automatic;
				CURRENT_PROJECT_VERSION = 1;
				GENERATE_INFOPLIST_FILE = YES;
				IPHONEOS_DEPLOYMENT_TARGET = 17.4;
				MARKETING_VERSION = 1.0;
				PRODUCT_BUNDLE_IDENTIFIER = MariRosenwald.CSS545HW2Tests;
				PRODUCT_NAME = "$(TARGET_NAME)";
				SWIFT_EMIT_LOC_STRINGS = NO;
				SWIFT_VERSION = 5.0;
				TARGETED_DEVICE_FAMILY = "1,2";
				TEST_HOST = "$(BUILT_PRODUCTS_DIR)/CSS545HW2.app/$(BUNDLE_EXECUTABLE_FOLDER_PATH)/CSS545HW2";
			};
			name = Release;
		};
		9F9012322BD261B200E0E921 /* Debug */ = {
			isa = XCBuildConfiguration;
			buildSettings = {
				ALWAYS_EMBED_SWIFT_STANDARD_LIBRARIES = YES;
				CODE_SIGN_STYLE = Automatic;
				CURRENT_PROJECT_VERSION = 1;
				GENERATE_INFOPLIST_FILE = YES;
				MARKETING_VERSION = 1.0;
				PRODUCT_BUNDLE_IDENTIFIER = MariRosenwald.CSS545HW2UITests;
				PRODUCT_NAME = "$(TARGET_NAME)";
				SWIFT_EMIT_LOC_STRINGS = NO;
				SWIFT_VERSION = 5.0;
				TARGETED_DEVICE_FAMILY = "1,2";
				TEST_TARGET_NAME = CSS545HW2;
			};
			name = Debug;
		};
		9F9012332BD261B200E0E921 /* Release */ = {
			isa = XCBuildConfiguration;
			buildSettings = {
				ALWAYS_EMBED_SWIFT_STANDARD_LIBRARIES = YES;
				CODE_SIGN_STYLE = Automatic;
				CURRENT_PROJECT_VERSION = 1;
				GENERATE_INFOPLIST_FILE = YES;
				MARKETING_VERSION = 1.0;
				PRODUCT_BUNDLE_IDENTIFIER = MariRosenwald.CSS545HW2UITests;
				PRODUCT_NAME = "$(TARGET_NAME)";
				SWIFT_EMIT_LOC_STRINGS = NO;
				SWIFT_VERSION = 5.0;
				TARGETED_DEVICE_FAMILY = "1,2";
				TEST_TARGET_NAME = CSS545HW2;
			};
			name = Release;
		};
/* End XCBuildConfiguration section */

/* Begin XCConfigurationList section */
		9F9012022BD261B100E0E921 /* Build configuration list for PBXProject "CSS545HW2" */ = {
			isa = XCConfigurationList;
			buildConfigurations = (
				9F9012292BD261B200E0E921 /* Debug */,
				9F90122A2BD261B200E0E921 /* Release */,
			);
			defaultConfigurationIsVisible = 0;
			defaultConfigurationName = Release;
		};
		9F90122B2BD261B200E0E921 /* Build configuration list for PBXNativeTarget "CSS545HW2" */ = {
			isa = XCConfigurationList;
			buildConfigurations = (
				9F90122C2BD261B200E0E921 /* Debug */,
				9F90122D2BD261B200E0E921 /* Release */,
			);
			defaultConfigurationIsVisible = 0;
			defaultConfigurationName = Release;
		};
		9F90122E2BD261B200E0E921 /* Build configuration list for PBXNativeTarget "CSS545HW2Tests" */ = {
			isa = XCConfigurationList;
			buildConfigurations = (
				9F90122F2BD261B200E0E921 /* Debug */,
				9F9012302BD261B200E0E921 /* Release */,
			);
			defaultConfigurationIsVisible = 0;
			defaultConfigurationName = Release;
		};
		9F9012312BD261B200E0E921 /* Build configuration list for PBXNativeTarget "CSS545HW2UITests" */ = {
			isa = XCConfigurationList;
			buildConfigurations = (
				9F9012322BD261B200E0E921 /* Debug */,
				9F9012332BD261B200E0E921 /* Release */,
			);
			defaultConfigurationIsVisible = 0;
			defaultConfigurationName = Release;
		};
/* End XCConfigurationList section */
	};
	rootObject = 9F9011FF2BD261B100E0E921 /* Project object */;
}
